// !$*UTF8*$!
{
	archiveVersion = 1;
	classes = {
	};
	objectVersion = 56;
	objects = {

/* Begin PBXBuildFile section */
		F2AEA3C32924F44D00BB1901 /* AppDelegate.swift in Sources */ = {isa = PBXBuildFile; fileRef = F2AEA3C22924F44D00BB1901 /* AppDelegate.swift */; };
		F2AEA3C52924F44D00BB1901 /* SceneDelegate.swift in Sources */ = {isa = PBXBuildFile; fileRef = F2AEA3C42924F44D00BB1901 /* SceneDelegate.swift */; };
		F2AEA3C72924F44D00BB1901 /* ViewController.swift in Sources */ = {isa = PBXBuildFile; fileRef = F2AEA3C62924F44D00BB1901 /* ViewController.swift */; };
		F2AEA3CA2924F44D00BB1901 /* Main.storyboard in Resources */ = {isa = PBXBuildFile; fileRef = F2AEA3C82924F44D00BB1901 /* Main.storyboard */; };
		F2AEA3CC2924F45100BB1901 /* Assets.xcassets in Resources */ = {isa = PBXBuildFile; fileRef = F2AEA3CB2924F45100BB1901 /* Assets.xcassets */; };
		F2AEA3CF2924F45100BB1901 /* LaunchScreen.storyboard in Resources */ = {isa = PBXBuildFile; fileRef = F2AEA3CD2924F45100BB1901 /* LaunchScreen.storyboard */; };
		F2AEA3DA2924F45100BB1901 /* RunToWorkTests.swift in Sources */ = {isa = PBXBuildFile; fileRef = F2AEA3D92924F45100BB1901 /* RunToWorkTests.swift */; };
		F2AEA3E42924F45100BB1901 /* RunToWorkUITests.swift in Sources */ = {isa = PBXBuildFile; fileRef = F2AEA3E32924F45100BB1901 /* RunToWorkUITests.swift */; };
		F2AEA3E62924F45100BB1901 /* RunToWorkUITestsLaunchTests.swift in Sources */ = {isa = PBXBuildFile; fileRef = F2AEA3E52924F45100BB1901 /* RunToWorkUITestsLaunchTests.swift */; };
/* End PBXBuildFile section */

/* Begin PBXContainerItemProxy section */
		F2AEA3D62924F45100BB1901 /* PBXContainerItemProxy */ = {
			isa = PBXContainerItemProxy;
			containerPortal = F2AEA3B72924F44D00BB1901 /* Project object */;
			proxyType = 1;
			remoteGlobalIDString = F2AEA3BE2924F44D00BB1901;
			remoteInfo = RunToWork;
		};
		F2AEA3E02924F45100BB1901 /* PBXContainerItemProxy */ = {
			isa = PBXContainerItemProxy;
			containerPortal = F2AEA3B72924F44D00BB1901 /* Project object */;
			proxyType = 1;
			remoteGlobalIDString = F2AEA3BE2924F44D00BB1901;
			remoteInfo = RunToWork;
		};
/* End PBXContainerItemProxy section */

/* Begin PBXFileReference section */
		F2AEA3BF2924F44D00BB1901 /* RunToWork.app */ = {isa = PBXFileReference; explicitFileType = wrapper.application; includeInIndex = 0; path = RunToWork.app; sourceTree = BUILT_PRODUCTS_DIR; };
		F2AEA3C22924F44D00BB1901 /* AppDelegate.swift */ = {isa = PBXFileReference; lastKnownFileType = sourcecode.swift; path = AppDelegate.swift; sourceTree = "<group>"; };
		F2AEA3C42924F44D00BB1901 /* SceneDelegate.swift */ = {isa = PBXFileReference; lastKnownFileType = sourcecode.swift; path = SceneDelegate.swift; sourceTree = "<group>"; };
		F2AEA3C62924F44D00BB1901 /* ViewController.swift */ = {isa = PBXFileReference; lastKnownFileType = sourcecode.swift; path = ViewController.swift; sourceTree = "<group>"; };
		F2AEA3C92924F44D00BB1901 /* Base */ = {isa = PBXFileReference; lastKnownFileType = file.storyboard; name = Base; path = Base.lproj/Main.storyboard; sourceTree = "<group>"; };
		F2AEA3CB2924F45100BB1901 /* Assets.xcassets */ = {isa = PBXFileReference; lastKnownFileType = folder.assetcatalog; path = Assets.xcassets; sourceTree = "<group>"; };
		F2AEA3CE2924F45100BB1901 /* Base */ = {isa = PBXFileReference; lastKnownFileType = file.storyboard; name = Base; path = Base.lproj/LaunchScreen.storyboard; sourceTree = "<group>"; };
		F2AEA3D02924F45100BB1901 /* Info.plist */ = {isa = PBXFileReference; lastKnownFileType = text.plist.xml; path = Info.plist; sourceTree = "<group>"; };
		F2AEA3D52924F45100BB1901 /* RunToWorkTests.xctest */ = {isa = PBXFileReference; explicitFileType = wrapper.cfbundle; includeInIndex = 0; path = RunToWorkTests.xctest; sourceTree = BUILT_PRODUCTS_DIR; };
		F2AEA3D92924F45100BB1901 /* RunToWorkTests.swift */ = {isa = PBXFileReference; lastKnownFileType = sourcecode.swift; path = RunToWorkTests.swift; sourceTree = "<group>"; };
		F2AEA3DF2924F45100BB1901 /* RunToWorkUITests.xctest */ = {isa = PBXFileReference; explicitFileType = wrapper.cfbundle; includeInIndex = 0; path = RunToWorkUITests.xctest; sourceTree = BUILT_PRODUCTS_DIR; };
		F2AEA3E32924F45100BB1901 /* RunToWorkUITests.swift */ = {isa = PBXFileReference; lastKnownFileType = sourcecode.swift; path = RunToWorkUITests.swift; sourceTree = "<group>"; };
		F2AEA3E52924F45100BB1901 /* RunToWorkUITestsLaunchTests.swift */ = {isa = PBXFileReference; lastKnownFileType = sourcecode.swift; path = RunToWorkUITestsLaunchTests.swift; sourceTree = "<group>"; };
/* End PBXFileReference section */

/* Begin PBXFrameworksBuildPhase section */
		F2AEA3BC2924F44D00BB1901 /* Frameworks */ = {
			isa = PBXFrameworksBuildPhase;
			buildActionMask = 2147483647;
			files = (
			);
			runOnlyForDeploymentPostprocessing = 0;
		};
		F2AEA3D22924F45100BB1901 /* Frameworks */ = {
			isa = PBXFrameworksBuildPhase;
			buildActionMask = 2147483647;
			files = (
			);
			runOnlyForDeploymentPostprocessing = 0;
		};
		F2AEA3DC2924F45100BB1901 /* Frameworks */ = {
			isa = PBXFrameworksBuildPhase;
			buildActionMask = 2147483647;
			files = (
			);
			runOnlyForDeploymentPostprocessing = 0;
		};
/* End PBXFrameworksBuildPhase section */

/* Begin PBXGroup section */
		F2AEA3B62924F44D00BB1901 = {
			isa = PBXGroup;
			children = (
				F2AEA3C12924F44D00BB1901 /* RunToWork */,
				F2AEA3D82924F45100BB1901 /* RunToWorkTests */,
				F2AEA3E22924F45100BB1901 /* RunToWorkUITests */,
				F2AEA3C02924F44D00BB1901 /* Products */,
			);
			sourceTree = "<group>";
		};
		F2AEA3C02924F44D00BB1901 /* Products */ = {
			isa = PBXGroup;
			children = (
				F2AEA3BF2924F44D00BB1901 /* RunToWork.app */,
				F2AEA3D52924F45100BB1901 /* RunToWorkTests.xctest */,
				F2AEA3DF2924F45100BB1901 /* RunToWorkUITests.xctest */,
			);
			name = Products;
			sourceTree = "<group>";
		};
		F2AEA3C12924F44D00BB1901 /* RunToWork */ = {
			isa = PBXGroup;
			children = (
				F2AEA3C22924F44D00BB1901 /* AppDelegate.swift */,
				F2AEA3C42924F44D00BB1901 /* SceneDelegate.swift */,
				F2AEA3C62924F44D00BB1901 /* ViewController.swift */,
				F2AEA3C82924F44D00BB1901 /* Main.storyboard */,
				F2AEA3CB2924F45100BB1901 /* Assets.xcassets */,
				F2AEA3CD2924F45100BB1901 /* LaunchScreen.storyboard */,
				F2AEA3D02924F45100BB1901 /* Info.plist */,
			);
			path = RunToWork;
			sourceTree = "<group>";
		};
		F2AEA3D82924F45100BB1901 /* RunToWorkTests */ = {
			isa = PBXGroup;
			children = (
				F2AEA3D92924F45100BB1901 /* RunToWorkTests.swift */,
			);
			path = RunToWorkTests;
			sourceTree = "<group>";
		};
		F2AEA3E22924F45100BB1901 /* RunToWorkUITests */ = {
			isa = PBXGroup;
			children = (
				F2AEA3E32924F45100BB1901 /* RunToWorkUITests.swift */,
				F2AEA3E52924F45100BB1901 /* RunToWorkUITestsLaunchTests.swift */,
			);
			path = RunToWorkUITests;
			sourceTree = "<group>";
		};
/* End PBXGroup section */

/* Begin PBXNativeTarget section */
		F2AEA3BE2924F44D00BB1901 /* RunToWork */ = {
			isa = PBXNativeTarget;
			buildConfigurationList = F2AEA3E92924F45100BB1901 /* Build configuration list for PBXNativeTarget "RunToWork" */;
			buildPhases = (
				F2AEA3BB2924F44D00BB1901 /* Sources */,
				F2AEA3BC2924F44D00BB1901 /* Frameworks */,
				F2AEA3BD2924F44D00BB1901 /* Resources */,
			);
			buildRules = (
			);
			dependencies = (
			);
			name = RunToWork;
			productName = RunToWork;
			productReference = F2AEA3BF2924F44D00BB1901 /* RunToWork.app */;
			productType = "com.apple.product-type.application";
		};
		F2AEA3D42924F45100BB1901 /* RunToWorkTests */ = {
			isa = PBXNativeTarget;
			buildConfigurationList = F2AEA3EC2924F45100BB1901 /* Build configuration list for PBXNativeTarget "RunToWorkTests" */;
			buildPhases = (
				F2AEA3D12924F45100BB1901 /* Sources */,
				F2AEA3D22924F45100BB1901 /* Frameworks */,
				F2AEA3D32924F45100BB1901 /* Resources */,
			);
			buildRules = (
			);
			dependencies = (
				F2AEA3D72924F45100BB1901 /* PBXTargetDependency */,
			);
			name = RunToWorkTests;
			productName = RunToWorkTests;
			productReference = F2AEA3D52924F45100BB1901 /* RunToWorkTests.xctest */;
			productType = "com.apple.product-type.bundle.unit-test";
		};
		F2AEA3DE2924F45100BB1901 /* RunToWorkUITests */ = {
			isa = PBXNativeTarget;
			buildConfigurationList = F2AEA3EF2924F45100BB1901 /* Build configuration list for PBXNativeTarget "RunToWorkUITests" */;
			buildPhases = (
				F2AEA3DB2924F45100BB1901 /* Sources */,
				F2AEA3DC2924F45100BB1901 /* Frameworks */,
				F2AEA3DD2924F45100BB1901 /* Resources */,
			);
			buildRules = (
			);
			dependencies = (
				F2AEA3E12924F45100BB1901 /* PBXTargetDependency */,
			);
			name = RunToWorkUITests;
			productName = RunToWorkUITests;
			productReference = F2AEA3DF2924F45100BB1901 /* RunToWorkUITests.xctest */;
			productType = "com.apple.product-type.bundle.ui-testing";
		};
/* End PBXNativeTarget section */

/* Begin PBXProject section */
		F2AEA3B72924F44D00BB1901 /* Project object */ = {
			isa = PBXProject;
			attributes = {
				BuildIndependentTargetsInParallel = 1;
				LastSwiftUpdateCheck = 1400;
				LastUpgradeCheck = 1400;
				TargetAttributes = {
					F2AEA3BE2924F44D00BB1901 = {
						CreatedOnToolsVersion = 14.0.1;
					};
					F2AEA3D42924F45100BB1901 = {
						CreatedOnToolsVersion = 14.0.1;
						TestTargetID = F2AEA3BE2924F44D00BB1901;
					};
					F2AEA3DE2924F45100BB1901 = {
						CreatedOnToolsVersion = 14.0.1;
						TestTargetID = F2AEA3BE2924F44D00BB1901;
					};
				};
			};
			buildConfigurationList = F2AEA3BA2924F44D00BB1901 /* Build configuration list for PBXProject "RunToWork" */;
			compatibilityVersion = "Xcode 14.0";
			developmentRegion = en;
			hasScannedForEncodings = 0;
			knownRegions = (
				en,
				Base,
			);
			mainGroup = F2AEA3B62924F44D00BB1901;
			productRefGroup = F2AEA3C02924F44D00BB1901 /* Products */;
			projectDirPath = "";
			projectRoot = "";
			targets = (
				F2AEA3BE2924F44D00BB1901 /* RunToWork */,
				F2AEA3D42924F45100BB1901 /* RunToWorkTests */,
				F2AEA3DE2924F45100BB1901 /* RunToWorkUITests */,
			);
		};
/* End PBXProject section */

/* Begin PBXResourcesBuildPhase section */
		F2AEA3BD2924F44D00BB1901 /* Resources */ = {
			isa = PBXResourcesBuildPhase;
			buildActionMask = 2147483647;
			files = (
				F2AEA3CF2924F45100BB1901 /* LaunchScreen.storyboard in Resources */,
				F2AEA3CC2924F45100BB1901 /* Assets.xcassets in Resources */,
				F2AEA3CA2924F44D00BB1901 /* Main.storyboard in Resources */,
			);
			runOnlyForDeploymentPostprocessing = 0;
		};
		F2AEA3D32924F45100BB1901 /* Resources */ = {
			isa = PBXResourcesBuildPhase;
			buildActionMask = 2147483647;
			files = (
			);
			runOnlyForDeploymentPostprocessing = 0;
		};
		F2AEA3DD2924F45100BB1901 /* Resources */ = {
			isa = PBXResourcesBuildPhase;
			buildActionMask = 2147483647;
			files = (
			);
			runOnlyForDeploymentPostprocessing = 0;
		};
/* End PBXResourcesBuildPhase section */

/* Begin PBXSourcesBuildPhase section */
		F2AEA3BB2924F44D00BB1901 /* Sources */ = {
			isa = PBXSourcesBuildPhase;
			buildActionMask = 2147483647;
			files = (
				F2AEA3C72924F44D00BB1901 /* ViewController.swift in Sources */,
				F2AEA3C32924F44D00BB1901 /* AppDelegate.swift in Sources */,
				F2AEA3C52924F44D00BB1901 /* SceneDelegate.swift in Sources */,
			);
			runOnlyForDeploymentPostprocessing = 0;
		};
		F2AEA3D12924F45100BB1901 /* Sources */ = {
			isa = PBXSourcesBuildPhase;
			buildActionMask = 2147483647;
			files = (
				F2AEA3DA2924F45100BB1901 /* RunToWorkTests.swift in Sources */,
			);
			runOnlyForDeploymentPostprocessing = 0;
		};
		F2AEA3DB2924F45100BB1901 /* Sources */ = {
			isa = PBXSourcesBuildPhase;
			buildActionMask = 2147483647;
			files = (
				F2AEA3E62924F45100BB1901 /* RunToWorkUITestsLaunchTests.swift in Sources */,
				F2AEA3E42924F45100BB1901 /* RunToWorkUITests.swift in Sources */,
			);
			runOnlyForDeploymentPostprocessing = 0;
		};
/* End PBXSourcesBuildPhase section */

/* Begin PBXTargetDependency section */
		F2AEA3D72924F45100BB1901 /* PBXTargetDependency */ = {
			isa = PBXTargetDependency;
			target = F2AEA3BE2924F44D00BB1901 /* RunToWork */;
			targetProxy = F2AEA3D62924F45100BB1901 /* PBXContainerItemProxy */;
		};
		F2AEA3E12924F45100BB1901 /* PBXTargetDependency */ = {
			isa = PBXTargetDependency;
			target = F2AEA3BE2924F44D00BB1901 /* RunToWork */;
			targetProxy = F2AEA3E02924F45100BB1901 /* PBXContainerItemProxy */;
		};
/* End PBXTargetDependency section */

/* Begin PBXVariantGroup section */
		F2AEA3C82924F44D00BB1901 /* Main.storyboard */ = {
			isa = PBXVariantGroup;
			children = (
				F2AEA3C92924F44D00BB1901 /* Base */,
			);
			name = Main.storyboard;
			sourceTree = "<group>";
		};
		F2AEA3CD2924F45100BB1901 /* LaunchScreen.storyboard */ = {
			isa = PBXVariantGroup;
			children = (
				F2AEA3CE2924F45100BB1901 /* Base */,
			);
			name = LaunchScreen.storyboard;
			sourceTree = "<group>";
		};
/* End PBXVariantGroup section */

/* Begin XCBuildConfiguration section */
		F2AEA3E72924F45100BB1901 /* Debug */ = {
			isa = XCBuildConfiguration;
			buildSettings = {
				ALWAYS_SEARCH_USER_PATHS = NO;
				CLANG_ANALYZER_NONNULL = YES;
				CLANG_ANALYZER_NUMBER_OBJECT_CONVERSION = YES_AGGRESSIVE;
				CLANG_CXX_LANGUAGE_STANDARD = "gnu++20";
				CLANG_ENABLE_MODULES = YES;
				CLANG_ENABLE_OBJC_ARC = YES;
				CLANG_ENABLE_OBJC_WEAK = YES;
				CLANG_WARN_BLOCK_CAPTURE_AUTORELEASING = YES;
				CLANG_WARN_BOOL_CONVERSION = YES;
				CLANG_WARN_COMMA = YES;
				CLANG_WARN_CONSTANT_CONVERSION = YES;
				CLANG_WARN_DEPRECATED_OBJC_IMPLEMENTATIONS = YES;
				CLANG_WARN_DIRECT_OBJC_ISA_USAGE = YES_ERROR;
				CLANG_WARN_DOCUMENTATION_COMMENTS = YES;
				CLANG_WARN_EMPTY_BODY = YES;
				CLANG_WARN_ENUM_CONVERSION = YES;
				CLANG_WARN_INFINITE_RECURSION = YES;
				CLANG_WARN_INT_CONVERSION = YES;
				CLANG_WARN_NON_LITERAL_NULL_CONVERSION = YES;
				CLANG_WARN_OBJC_IMPLICIT_RETAIN_SELF = YES;
				CLANG_WARN_OBJC_LITERAL_CONVERSION = YES;
				CLANG_WARN_OBJC_ROOT_CLASS = YES_ERROR;
				CLANG_WARN_QUOTED_INCLUDE_IN_FRAMEWORK_HEADER = YES;
				CLANG_WARN_RANGE_LOOP_ANALYSIS = YES;
				CLANG_WARN_STRICT_PROTOTYPES = YES;
				CLANG_WARN_SUSPICIOUS_MOVE = YES;
				CLANG_WARN_UNGUARDED_AVAILABILITY = YES_AGGRESSIVE;
				CLANG_WARN_UNREACHABLE_CODE = YES;
				CLANG_WARN__DUPLICATE_METHOD_MATCH = YES;
				COPY_PHASE_STRIP = NO;
				DEBUG_INFORMATION_FORMAT = dwarf;
				ENABLE_STRICT_OBJC_MSGSEND = YES;
				ENABLE_TESTABILITY = YES;
				GCC_C_LANGUAGE_STANDARD = gnu11;
				GCC_DYNAMIC_NO_PIC = NO;
				GCC_NO_COMMON_BLOCKS = YES;
				GCC_OPTIMIZATION_LEVEL = 0;
				GCC_PREPROCESSOR_DEFINITIONS = (
					"DEBUG=1",
					"$(inherited)",
				);
				GCC_WARN_64_TO_32_BIT_CONVERSION = YES;
				GCC_WARN_ABOUT_RETURN_TYPE = YES_ERROR;
				GCC_WARN_UNDECLARED_SELECTOR = YES;
				GCC_WARN_UNINITIALIZED_AUTOS = YES_AGGRESSIVE;
				GCC_WARN_UNUSED_FUNCTION = YES;
				GCC_WARN_UNUSED_VARIABLE = YES;
				IPHONEOS_DEPLOYMENT_TARGET = 16.0;
				MTL_ENABLE_DEBUG_INFO = INCLUDE_SOURCE;
				MTL_FAST_MATH = YES;
				ONLY_ACTIVE_ARCH = YES;
				SDKROOT = iphoneos;
				SWIFT_ACTIVE_COMPILATION_CONDITIONS = DEBUG;
				SWIFT_OPTIMIZATION_LEVEL = "-Onone";
			};
			name = Debug;
		};
		F2AEA3E82924F45100BB1901 /* Release */ = {
			isa = XCBuildConfiguration;
			buildSettings = {
				ALWAYS_SEARCH_USER_PATHS = NO;
				CLANG_ANALYZER_NONNULL = YES;
				CLANG_ANALYZER_NUMBER_OBJECT_CONVERSION = YES_AGGRESSIVE;
				CLANG_CXX_LANGUAGE_STANDARD = "gnu++20";
				CLANG_ENABLE_MODULES = YES;
				CLANG_ENABLE_OBJC_ARC = YES;
				CLANG_ENABLE_OBJC_WEAK = YES;
				CLANG_WARN_BLOCK_CAPTURE_AUTORELEASING = YES;
				CLANG_WARN_BOOL_CONVERSION = YES;
				CLANG_WARN_COMMA = YES;
				CLANG_WARN_CONSTANT_CONVERSION = YES;
				CLANG_WARN_DEPRECATED_OBJC_IMPLEMENTATIONS = YES;
				CLANG_WARN_DIRECT_OBJC_ISA_USAGE = YES_ERROR;
				CLANG_WARN_DOCUMENTATION_COMMENTS = YES;
				CLANG_WARN_EMPTY_BODY = YES;
				CLANG_WARN_ENUM_CONVERSION = YES;
				CLANG_WARN_INFINITE_RECURSION = YES;
				CLANG_WARN_INT_CONVERSION = YES;
				CLANG_WARN_NON_LITERAL_NULL_CONVERSION = YES;
				CLANG_WARN_OBJC_IMPLICIT_RETAIN_SELF = YES;
				CLANG_WARN_OBJC_LITERAL_CONVERSION = YES;
				CLANG_WARN_OBJC_ROOT_CLASS = YES_ERROR;
				CLANG_WARN_QUOTED_INCLUDE_IN_FRAMEWORK_HEADER = YES;
				CLANG_WARN_RANGE_LOOP_ANALYSIS = YES;
				CLANG_WARN_STRICT_PROTOTYPES = YES;
				CLANG_WARN_SUSPICIOUS_MOVE = YES;
				CLANG_WARN_UNGUARDED_AVAILABILITY = YES_AGGRESSIVE;
				CLANG_WARN_UNREACHABLE_CODE = YES;
				CLANG_WARN__DUPLICATE_METHOD_MATCH = YES;
				COPY_PHASE_STRIP = NO;
				DEBUG_INFORMATION_FORMAT = "dwarf-with-dsym";
				ENABLE_NS_ASSERTIONS = NO;
				ENABLE_STRICT_OBJC_MSGSEND = YES;
				GCC_C_LANGUAGE_STANDARD = gnu11;
				GCC_NO_COMMON_BLOCKS = YES;
				GCC_WARN_64_TO_32_BIT_CONVERSION = YES;
				GCC_WARN_ABOUT_RETURN_TYPE = YES_ERROR;
				GCC_WARN_UNDECLARED_SELECTOR = YES;
				GCC_WARN_UNINITIALIZED_AUTOS = YES_AGGRESSIVE;
				GCC_WARN_UNUSED_FUNCTION = YES;
				GCC_WARN_UNUSED_VARIABLE = YES;
				IPHONEOS_DEPLOYMENT_TARGET = 16.0;
				MTL_ENABLE_DEBUG_INFO = NO;
				MTL_FAST_MATH = YES;
				SDKROOT = iphoneos;
				SWIFT_COMPILATION_MODE = wholemodule;
				SWIFT_OPTIMIZATION_LEVEL = "-O";
				VALIDATE_PRODUCT = YES;
			};
			name = Release;
		};
		F2AEA3EA2924F45100BB1901 /* Debug */ = {
			isa = XCBuildConfiguration;
			buildSettings = {
				ASSETCATALOG_COMPILER_APPICON_NAME = AppIcon;
				ASSETCATALOG_COMPILER_GLOBAL_ACCENT_COLOR_NAME = AccentColor;
				CODE_SIGN_STYLE = Automatic;
				CURRENT_PROJECT_VERSION = 1;
				DEVELOPMENT_TEAM = P446D369B2;
				GENERATE_INFOPLIST_FILE = YES;
				INFOPLIST_FILE = RunToWork/Info.plist;
				INFOPLIST_KEY_UIApplicationSupportsIndirectInputEvents = YES;
				INFOPLIST_KEY_UILaunchStoryboardName = LaunchScreen;
				INFOPLIST_KEY_UIMainStoryboardFile = Main;
				INFOPLIST_KEY_UISupportedInterfaceOrientations_iPad = "UIInterfaceOrientationPortrait UIInterfaceOrientationPortraitUpsideDown UIInterfaceOrientationLandscapeLeft UIInterfaceOrientationLandscapeRight";
				INFOPLIST_KEY_UISupportedInterfaceOrientations_iPhone = "UIInterfaceOrientationPortrait UIInterfaceOrientationLandscapeLeft UIInterfaceOrientationLandscapeRight";
				LD_RUNPATH_SEARCH_PATHS = (
					"$(inherited)",
					"@executable_path/Frameworks",
				);
				MARKETING_VERSION = 1.0;
				PRODUCT_BUNDLE_IDENTIFIER = com.eunae.RunToWork;
				PRODUCT_NAME = "$(TARGET_NAME)";
				SWIFT_EMIT_LOC_STRINGS = YES;
				SWIFT_VERSION = 5.0;
				TARGETED_DEVICE_FAMILY = "1,2";
			};
			name = Debug;
		};
		F2AEA3EB2924F45100BB1901 /* Release */ = {
			isa = XCBuildConfiguration;
			buildSettings = {
				ASSETCATALOG_COMPILER_APPICON_NAME = AppIcon;
				ASSETCATALOG_COMPILER_GLOBAL_ACCENT_COLOR_NAME = AccentColor;
				CODE_SIGN_STYLE = Automatic;
				CURRENT_PROJECT_VERSION = 1;
				DEVELOPMENT_TEAM = P446D369B2;
				GENERATE_INFOPLIST_FILE = YES;
				INFOPLIST_FILE = RunToWork/Info.plist;
				INFOPLIST_KEY_UIApplicationSupportsIndirectInputEvents = YES;
				INFOPLIST_KEY_UILaunchStoryboardName = LaunchScreen;
				INFOPLIST_KEY_UIMainStoryboardFile = Main;
				INFOPLIST_KEY_UISupportedInterfaceOrientations_iPad = "UIInterfaceOrientationPortrait UIInterfaceOrientationPortraitUpsideDown UIInterfaceOrientationLandscapeLeft UIInterfaceOrientationLandscapeRight";
				INFOPLIST_KEY_UISupportedInterfaceOrientations_iPhone = "UIInterfaceOrientationPortrait UIInterfaceOrientationLandscapeLeft UIInterfaceOrientationLandscapeRight";
				LD_RUNPATH_SEARCH_PATHS = (
					"$(inherited)",
					"@executable_path/Frameworks",
				);
				MARKETING_VERSION = 1.0;
				PRODUCT_BUNDLE_IDENTIFIER = com.eunae.RunToWork;
				PRODUCT_NAME = "$(TARGET_NAME)";
				SWIFT_EMIT_LOC_STRINGS = YES;
				SWIFT_VERSION = 5.0;
				TARGETED_DEVICE_FAMILY = "1,2";
			};
			name = Release;
		};
		F2AEA3ED2924F45100BB1901 /* Debug */ = {
			isa = XCBuildConfiguration;
			buildSettings = {
				ALWAYS_EMBED_SWIFT_STANDARD_LIBRARIES = YES;
				BUNDLE_LOADER = "$(TEST_HOST)";
				CODE_SIGN_STYLE = Automatic;
				CURRENT_PROJECT_VERSION = 1;
				DEVELOPMENT_TEAM = P446D369B2;
				GENERATE_INFOPLIST_FILE = YES;
				IPHONEOS_DEPLOYMENT_TARGET = 16.0;
				MARKETING_VERSION = 1.0;
				PRODUCT_BUNDLE_IDENTIFIER = com.eunae.RunToWorkTests;
				PRODUCT_NAME = "$(TARGET_NAME)";
				SWIFT_EMIT_LOC_STRINGS = NO;
				SWIFT_VERSION = 5.0;
				TARGETED_DEVICE_FAMILY = "1,2";
				TEST_HOST = "$(BUILT_PRODUCTS_DIR)/RunToWork.app/$(BUNDLE_EXECUTABLE_FOLDER_PATH)/RunToWork";
			};
			name = Debug;
		};
		F2AEA3EE2924F45100BB1901 /* Release */ = {
			isa = XCBuildConfiguration;
			buildSettings = {
				ALWAYS_EMBED_SWIFT_STANDARD_LIBRARIES = YES;
				BUNDLE_LOADER = "$(TEST_HOST)";
				CODE_SIGN_STYLE = Automatic;
				CURRENT_PROJECT_VERSION = 1;
				DEVELOPMENT_TEAM = P446D369B2;
				GENERATE_INFOPLIST_FILE = YES;
				IPHONEOS_DEPLOYMENT_TARGET = 16.0;
				MARKETING_VERSION = 1.0;
				PRODUCT_BUNDLE_IDENTIFIER = com.eunae.RunToWorkTests;
				PRODUCT_NAME = "$(TARGET_NAME)";
				SWIFT_EMIT_LOC_STRINGS = NO;
				SWIFT_VERSION = 5.0;
				TARGETED_DEVICE_FAMILY = "1,2";
				TEST_HOST = "$(BUILT_PRODUCTS_DIR)/RunToWork.app/$(BUNDLE_EXECUTABLE_FOLDER_PATH)/RunToWork";
			};
			name = Release;
		};
		F2AEA3F02924F45100BB1901 /* Debug */ = {
			isa = XCBuildConfiguration;
			buildSettings = {
				ALWAYS_EMBED_SWIFT_STANDARD_LIBRARIES = YES;
				CODE_SIGN_STYLE = Automatic;
				CURRENT_PROJECT_VERSION = 1;
				DEVELOPMENT_TEAM = P446D369B2;
				GENERATE_INFOPLIST_FILE = YES;
				MARKETING_VERSION = 1.0;
				PRODUCT_BUNDLE_IDENTIFIER = com.eunae.RunToWorkUITests;
				PRODUCT_NAME = "$(TARGET_NAME)";
				SWIFT_EMIT_LOC_STRINGS = NO;
				SWIFT_VERSION = 5.0;
				TARGETED_DEVICE_FAMILY = "1,2";
				TEST_TARGET_NAME = RunToWork;
			};
			name = Debug;
		};
		F2AEA3F12924F45100BB1901 /* Release */ = {
			isa = XCBuildConfiguration;
			buildSettings = {
				ALWAYS_EMBED_SWIFT_STANDARD_LIBRARIES = YES;
				CODE_SIGN_STYLE = Automatic;
				CURRENT_PROJECT_VERSION = 1;
				DEVELOPMENT_TEAM = P446D369B2;
				GENERATE_INFOPLIST_FILE = YES;
				MARKETING_VERSION = 1.0;
				PRODUCT_BUNDLE_IDENTIFIER = com.eunae.RunToWorkUITests;
				PRODUCT_NAME = "$(TARGET_NAME)";
				SWIFT_EMIT_LOC_STRINGS = NO;
				SWIFT_VERSION = 5.0;
				TARGETED_DEVICE_FAMILY = "1,2";
				TEST_TARGET_NAME = RunToWork;
			};
			name = Release;
		};
/* End XCBuildConfiguration section */

/* Begin XCConfigurationList section */
		F2AEA3BA2924F44D00BB1901 /* Build configuration list for PBXProject "RunToWork" */ = {
			isa = XCConfigurationList;
			buildConfigurations = (
				F2AEA3E72924F45100BB1901 /* Debug */,
				F2AEA3E82924F45100BB1901 /* Release */,
			);
			defaultConfigurationIsVisible = 0;
			defaultConfigurationName = Release;
		};
		F2AEA3E92924F45100BB1901 /* Build configuration list for PBXNativeTarget "RunToWork" */ = {
			isa = XCConfigurationList;
			buildConfigurations = (
				F2AEA3EA2924F45100BB1901 /* Debug */,
				F2AEA3EB2924F45100BB1901 /* Release */,
			);
			defaultConfigurationIsVisible = 0;
			defaultConfigurationName = Release;
		};
		F2AEA3EC2924F45100BB1901 /* Build configuration list for PBXNativeTarget "RunToWorkTests" */ = {
			isa = XCConfigurationList;
			buildConfigurations = (
				F2AEA3ED2924F45100BB1901 /* Debug */,
				F2AEA3EE2924F45100BB1901 /* Release */,
			);
			defaultConfigurationIsVisible = 0;
			defaultConfigurationName = Release;
		};
		F2AEA3EF2924F45100BB1901 /* Build configuration list for PBXNativeTarget "RunToWorkUITests" */ = {
			isa = XCConfigurationList;
			buildConfigurations = (
				F2AEA3F02924F45100BB1901 /* Debug */,
				F2AEA3F12924F45100BB1901 /* Release */,
			);
			defaultConfigurationIsVisible = 0;
			defaultConfigurationName = Release;
		};
/* End XCConfigurationList section */
	};
	rootObject = F2AEA3B72924F44D00BB1901 /* Project object */;
}
